
Microsoft Visual Studio Solution File, Format Version 12.00
# Visual Studio Version 17
VisualStudioVersion = 17.0.31903.59
MinimumVisualStudioVersion = 10.0.40219.1
Project("{FAE04EC0-301F-11D3-BF4B-00C04F79EFBC}") = "bookapi-minimal", "bookapi-minimal.csproj", "{BA1E2D6A-0EC9-40B0-B81E-B3889391C18E}"
EndProject
Global
	GlobalSection(SolutionConfigurationPlatforms) = preSolution
		Debug|Any CPU = Debug|Any CPU
		Debug|x64 = Debug|x64
		Debug|x86 = Debug|x86
		Release|Any CPU = Release|Any CPU
		Release|x64 = Release|x64
		Release|x86 = Release|x86
	EndGlobalSection
	GlobalSection(ProjectConfigurationPlatforms) = postSolution
		{BA1E2D6A-0EC9-40B0-B81E-B3889391C18E}.Debug|Any CPU.ActiveCfg = Debug|Any CPU
		{BA1E2D6A-0EC9-40B0-B81E-B3889391C18E}.Debug|Any CPU.Build.0 = Debug|Any CPU
		{BA1E2D6A-0EC9-40B0-B81E-B3889391C18E}.Debug|x64.ActiveCfg = Debug|Any CPU
		{BA1E2D6A-0EC9-40B0-B81E-B3889391C18E}.Debug|x64.Build.0 = Debug|Any CPU
		{BA1E2D6A-0EC9-40B0-B81E-B3889391C18E}.Debug|x86.ActiveCfg = Debug|Any CPU
		{BA1E2D6A-0EC9-40B0-B81E-B3889391C18E}.Debug|x86.Build.0 = Debug|Any CPU
		{BA1E2D6A-0EC9-40B0-B81E-B3889391C18E}.Release|Any CPU.ActiveCfg = Release|Any CPU
		{BA1E2D6A-0EC9-40B0-B81E-B3889391C18E}.Release|Any CPU.Build.0 = Release|Any CPU
		{BA1E2D6A-0EC9-40B0-B81E-B3889391C18E}.Release|x64.ActiveCfg = Release|Any CPU
		{BA1E2D6A-0EC9-40B0-B81E-B3889391C18E}.Release|x64.Build.0 = Release|Any CPU
		{BA1E2D6A-0EC9-40B0-B81E-B3889391C18E}.Release|x86.ActiveCfg = Release|Any CPU
		{BA1E2D6A-0EC9-40B0-B81E-B3889391C18E}.Release|x86.Build.0 = Release|Any CPU
	EndGlobalSection
	GlobalSection(SolutionProperties) = preSolution
		HideSolutionNode = FALSE
	EndGlobalSection
	GlobalSection(ExtensibilityGlobals) = postSolution
		SolutionGuid = {1E194E4E-E188-4C0B-8113-6F2E937A2141}
	EndGlobalSection
EndGlobal
